
Microsoft Visual Studio Solution File, Format Version 12.00
Project("{FAE04EC0-301F-11D3-BF4B-00C04F79EFBC}") = "Day01", "Day01\Day01.csproj", "{2CE71846-C4F3-4176-ADB8-542E5A9B226C}"
EndProject
Project("{FAE04EC0-301F-11D3-BF4B-00C04F79EFBC}") = "Day02", "Day02\Day02.csproj", "{5F026099-C59C-4765-8175-A95C0F9113E4}"
EndProject
Project("{FAE04EC0-301F-11D3-BF4B-00C04F79EFBC}") = "Day03", "Day03\Day03.csproj", "{F6F5A050-63CC-40F4-8E6A-29DE3914858A}"
EndProject
Project("{FAE04EC0-301F-11D3-BF4B-00C04F79EFBC}") = "Day04", "Day04\Day04.csproj", "{F8D6BD43-12CA-44B4-86CD-D7EABC3F27E8}"
EndProject
Global
	GlobalSection(SolutionConfigurationPlatforms) = preSolution
		Debug|Any CPU = Debug|Any CPU
		Release|Any CPU = Release|Any CPU
	EndGlobalSection
	GlobalSection(ProjectConfigurationPlatforms) = postSolution
		{2CE71846-C4F3-4176-ADB8-542E5A9B226C}.Debug|Any CPU.ActiveCfg = Debug|Any CPU
		{2CE71846-C4F3-4176-ADB8-542E5A9B226C}.Debug|Any CPU.Build.0 = Debug|Any CPU
		{2CE71846-C4F3-4176-ADB8-542E5A9B226C}.Release|Any CPU.ActiveCfg = Release|Any CPU
		{2CE71846-C4F3-4176-ADB8-542E5A9B226C}.Release|Any CPU.Build.0 = Release|Any CPU
		{5F026099-C59C-4765-8175-A95C0F9113E4}.Debug|Any CPU.ActiveCfg = Debug|Any CPU
		{5F026099-C59C-4765-8175-A95C0F9113E4}.Debug|Any CPU.Build.0 = Debug|Any CPU
		{5F026099-C59C-4765-8175-A95C0F9113E4}.Release|Any CPU.ActiveCfg = Release|Any CPU
		{5F026099-C59C-4765-8175-A95C0F9113E4}.Release|Any CPU.Build.0 = Release|Any CPU
		{F6F5A050-63CC-40F4-8E6A-29DE3914858A}.Debug|Any CPU.ActiveCfg = Debug|Any CPU
		{F6F5A050-63CC-40F4-8E6A-29DE3914858A}.Debug|Any CPU.Build.0 = Debug|Any CPU
		{F6F5A050-63CC-40F4-8E6A-29DE3914858A}.Release|Any CPU.ActiveCfg = Release|Any CPU
		{F6F5A050-63CC-40F4-8E6A-29DE3914858A}.Release|Any CPU.Build.0 = Release|Any CPU
		{F8D6BD43-12CA-44B4-86CD-D7EABC3F27E8}.Debug|Any CPU.ActiveCfg = Debug|Any CPU
		{F8D6BD43-12CA-44B4-86CD-D7EABC3F27E8}.Debug|Any CPU.Build.0 = Debug|Any CPU
		{F8D6BD43-12CA-44B4-86CD-D7EABC3F27E8}.Release|Any CPU.ActiveCfg = Release|Any CPU
		{F8D6BD43-12CA-44B4-86CD-D7EABC3F27E8}.Release|Any CPU.Build.0 = Release|Any CPU
	EndGlobalSection
EndGlobal
